
Microsoft Visual Studio Solution File, Format Version 12.00
# Visual Studio Version 16
VisualStudioVersion = 16.0.31019.35
MinimumVisualStudioVersion = 10.0.40219.1
Project("{FAE04EC0-301F-11D3-BF4B-00C04F79EFBC}") = "Calculator", "Calculator\Calculator.csproj", "{43C7EB31-D5BB-4539-96FC-13487AB13C4F}"
EndProject
Project("{FAE04EC0-301F-11D3-BF4B-00C04F79EFBC}") = "OpenNextWindow", "OpenNextWindow\OpenNextWindow.csproj", "{2BE9D927-B9C2-4B71-BB6E-02258CA5B0C6}"
EndProject
Project("{FAE04EC0-301F-11D3-BF4B-00C04F79EFBC}") = "WorkWithDB", "WorkWithDB\WorkWithDB.csproj", "{C52232C2-EEB0-4C15-BB73-68FF42989DE8}"
EndProject
Project("{FAE04EC0-301F-11D3-BF4B-00C04F79EFBC}") = "ConsoleDB", "ConsoleDB\ConsoleDB.csproj", "{EBFB220F-DC6E-44BB-9E9A-B9A691AD9B09}"
EndProject
Project("{FAE04EC0-301F-11D3-BF4B-00C04F79EFBC}") = "SalaryCalculator", "SalaryCalculator\SalaryCalculator.csproj", "{B8845A81-5F52-4BBE-90EF-8E5512152B9D}"
EndProject
Global
	GlobalSection(SolutionConfigurationPlatforms) = preSolution
		Debug|Any CPU = Debug|Any CPU
		Release|Any CPU = Release|Any CPU
	EndGlobalSection
	GlobalSection(ProjectConfigurationPlatforms) = postSolution
		{43C7EB31-D5BB-4539-96FC-13487AB13C4F}.Debug|Any CPU.ActiveCfg = Debug|Any CPU
		{43C7EB31-D5BB-4539-96FC-13487AB13C4F}.Debug|Any CPU.Build.0 = Debug|Any CPU
		{43C7EB31-D5BB-4539-96FC-13487AB13C4F}.Release|Any CPU.ActiveCfg = Release|Any CPU
		{43C7EB31-D5BB-4539-96FC-13487AB13C4F}.Release|Any CPU.Build.0 = Release|Any CPU
		{2BE9D927-B9C2-4B71-BB6E-02258CA5B0C6}.Debug|Any CPU.ActiveCfg = Debug|Any CPU
		{2BE9D927-B9C2-4B71-BB6E-02258CA5B0C6}.Debug|Any CPU.Build.0 = Debug|Any CPU
		{2BE9D927-B9C2-4B71-BB6E-02258CA5B0C6}.Release|Any CPU.ActiveCfg = Release|Any CPU
		{2BE9D927-B9C2-4B71-BB6E-02258CA5B0C6}.Release|Any CPU.Build.0 = Release|Any CPU
		{C52232C2-EEB0-4C15-BB73-68FF42989DE8}.Debug|Any CPU.ActiveCfg = Debug|Any CPU
		{C52232C2-EEB0-4C15-BB73-68FF42989DE8}.Debug|Any CPU.Build.0 = Debug|Any CPU
		{C52232C2-EEB0-4C15-BB73-68FF42989DE8}.Release|Any CPU.ActiveCfg = Release|Any CPU
		{C52232C2-EEB0-4C15-BB73-68FF42989DE8}.Release|Any CPU.Build.0 = Release|Any CPU
		{EBFB220F-DC6E-44BB-9E9A-B9A691AD9B09}.Debug|Any CPU.ActiveCfg = Debug|Any CPU
		{EBFB220F-DC6E-44BB-9E9A-B9A691AD9B09}.Debug|Any CPU.Build.0 = Debug|Any CPU
		{EBFB220F-DC6E-44BB-9E9A-B9A691AD9B09}.Release|Any CPU.ActiveCfg = Release|Any CPU
		{EBFB220F-DC6E-44BB-9E9A-B9A691AD9B09}.Release|Any CPU.Build.0 = Release|Any CPU
		{B8845A81-5F52-4BBE-90EF-8E5512152B9D}.Debug|Any CPU.ActiveCfg = Debug|Any CPU
		{B8845A81-5F52-4BBE-90EF-8E5512152B9D}.Debug|Any CPU.Build.0 = Debug|Any CPU
		{B8845A81-5F52-4BBE-90EF-8E5512152B9D}.Release|Any CPU.ActiveCfg = Release|Any CPU
		{B8845A81-5F52-4BBE-90EF-8E5512152B9D}.Release|Any CPU.Build.0 = Release|Any CPU
	EndGlobalSection
	GlobalSection(SolutionProperties) = preSolution
		HideSolutionNode = FALSE
	EndGlobalSection
	GlobalSection(ExtensibilityGlobals) = postSolution
		SolutionGuid = {80FFACF7-B886-49BF-8F81-61F2B2F30B0B}
	EndGlobalSection
EndGlobal
