
Microsoft Visual Studio Solution File, Format Version 12.00
# Visual Studio Version 16
VisualStudioVersion = 16.0.31019.35
MinimumVisualStudioVersion = 10.0.40219.1
Project("{FAE04EC0-301F-11D3-BF4B-00C04F79EFBC}") = "SalaryCalculator", "SalaryCalculator\SalaryCalculator.csproj", "{B8845A81-5F52-4BBE-90EF-8E5512152B9D}"
EndProject
Global
	GlobalSection(SolutionConfigurationPlatforms) = preSolution
		Debug|Any CPU = Debug|Any CPU
		Release|Any CPU = Release|Any CPU
	EndGlobalSection
	GlobalSection(ProjectConfigurationPlatforms) = postSolution
		{B8845A81-5F52-4BBE-90EF-8E5512152B9D}.Debug|Any CPU.ActiveCfg = Debug|Any CPU
		{B8845A81-5F52-4BBE-90EF-8E5512152B9D}.Debug|Any CPU.Build.0 = Debug|Any CPU
		{B8845A81-5F52-4BBE-90EF-8E5512152B9D}.Release|Any CPU.ActiveCfg = Release|Any CPU
		{B8845A81-5F52-4BBE-90EF-8E5512152B9D}.Release|Any CPU.Build.0 = Release|Any CPU
	EndGlobalSection
	GlobalSection(SolutionProperties) = preSolution
		HideSolutionNode = FALSE
	EndGlobalSection
	GlobalSection(ExtensibilityGlobals) = postSolution
		SolutionGuid = {80FFACF7-B886-49BF-8F81-61F2B2F30B0B}
	EndGlobalSection
EndGlobal
